
Microsoft Visual Studio Solution File, Format Version 12.00
# Visual Studio Version 17
VisualStudioVersion = 17.4.33213.308
MinimumVisualStudioVersion = 10.0.40219.1
Project("{9A19103F-16F7-4668-BE54-9A1E7A4F7556}") = "DB_Server", "DB_Server\DB_Server.csproj", "{8FB2D066-01E5-4515-BDA5-E53D73B5387A}"
EndProject
Project("{2150E333-8FDC-42A3-9474-1A3956D46DE8}") = "Elementos de la solución", "Elementos de la solución", "{A8E70B21-EF2C-4D81-B6FA-47AEE2010C61}"
EndProject
Global
	GlobalSection(SolutionConfigurationPlatforms) = preSolution
		Debug|Any CPU = Debug|Any CPU
		Release|Any CPU = Release|Any CPU
	EndGlobalSection
	GlobalSection(ProjectConfigurationPlatforms) = postSolution
		{8FB2D066-01E5-4515-BDA5-E53D73B5387A}.Debug|Any CPU.ActiveCfg = Debug|Any CPU
		{8FB2D066-01E5-4515-BDA5-E53D73B5387A}.Debug|Any CPU.Build.0 = Debug|Any CPU
		{8FB2D066-01E5-4515-BDA5-E53D73B5387A}.Release|Any CPU.ActiveCfg = Release|Any CPU
		{8FB2D066-01E5-4515-BDA5-E53D73B5387A}.Release|Any CPU.Build.0 = Release|Any CPU
	EndGlobalSection
	GlobalSection(SolutionProperties) = preSolution
		HideSolutionNode = FALSE
	EndGlobalSection
	GlobalSection(ExtensibilityGlobals) = postSolution
		SolutionGuid = {068191EC-06E1-4A8D-9C60-80C73D135BB3}
	EndGlobalSection
EndGlobal
